
Microsoft Visual Studio Solution File, Format Version 12.00
# Visual Studio Version 17
VisualStudioVersion = 17.0.32112.339
MinimumVisualStudioVersion = 10.0.40219.1
Project("{9A19103F-16F7-4668-BE54-9A1E7A4F7556}") = "gse-sharp", "src\gse-sharp.csproj", "{89D864CC-6E37-4631-BE46-BE6F77AFA28E}"
EndProject
Project("{9A19103F-16F7-4668-BE54-9A1E7A4F7556}") = "test", "test\test.csproj", "{204F0218-2D07-4A9B-B12C-0E26049935E6}"
EndProject
Global
	GlobalSection(SolutionConfigurationPlatforms) = preSolution
		Debug|Any CPU = Debug|Any CPU
		Release|Any CPU = Release|Any CPU
	EndGlobalSection
	GlobalSection(ProjectConfigurationPlatforms) = postSolution
		{89D864CC-6E37-4631-BE46-BE6F77AFA28E}.Debug|Any CPU.ActiveCfg = Debug|Any CPU
		{89D864CC-6E37-4631-BE46-BE6F77AFA28E}.Debug|Any CPU.Build.0 = Debug|Any CPU
		{89D864CC-6E37-4631-BE46-BE6F77AFA28E}.Release|Any CPU.ActiveCfg = Release|Any CPU
		{89D864CC-6E37-4631-BE46-BE6F77AFA28E}.Release|Any CPU.Build.0 = Release|Any CPU
		{204F0218-2D07-4A9B-B12C-0E26049935E6}.Debug|Any CPU.ActiveCfg = Debug|Any CPU
		{204F0218-2D07-4A9B-B12C-0E26049935E6}.Debug|Any CPU.Build.0 = Debug|Any CPU
		{204F0218-2D07-4A9B-B12C-0E26049935E6}.Release|Any CPU.ActiveCfg = Release|Any CPU
		{204F0218-2D07-4A9B-B12C-0E26049935E6}.Release|Any CPU.Build.0 = Release|Any CPU
	EndGlobalSection
	GlobalSection(SolutionProperties) = preSolution
		HideSolutionNode = FALSE
	EndGlobalSection
	GlobalSection(ExtensibilityGlobals) = postSolution
		SolutionGuid = {35BF371D-0C35-45A0-801A-626DDB94F307}
	EndGlobalSection
EndGlobal
